
Microsoft Visual Studio Solution File, Format Version 12.00
# Visual Studio Version 17
VisualStudioVersion = 17.2.32630.192
MinimumVisualStudioVersion = 10.0.40219.1
Project("{9A19103F-16F7-4668-BE54-9A1E7A4F7556}") = "HospitalWebApi", "HospitalWebApi.csproj", "{93501DC0-0465-41C8-93E3-420C4A83FDC5}"
EndProject
Global
	GlobalSection(SolutionConfigurationPlatforms) = preSolution
		Debug|Any CPU = Debug|Any CPU
		Release|Any CPU = Release|Any CPU
	EndGlobalSection
	GlobalSection(ProjectConfigurationPlatforms) = postSolution
		{93501DC0-0465-41C8-93E3-420C4A83FDC5}.Debug|Any CPU.ActiveCfg = Debug|Any CPU
		{93501DC0-0465-41C8-93E3-420C4A83FDC5}.Debug|Any CPU.Build.0 = Debug|Any CPU
		{93501DC0-0465-41C8-93E3-420C4A83FDC5}.Release|Any CPU.ActiveCfg = Release|Any CPU
		{93501DC0-0465-41C8-93E3-420C4A83FDC5}.Release|Any CPU.Build.0 = Release|Any CPU
	EndGlobalSection
	GlobalSection(SolutionProperties) = preSolution
		HideSolutionNode = FALSE
	EndGlobalSection
	GlobalSection(ExtensibilityGlobals) = postSolution
		SolutionGuid = {9215E0A4-3349-4BBB-B124-2A6E89B30C8F}
	EndGlobalSection
EndGlobal
